Microsoft Visual Studio Solution File, Format Version 11.00
# Visual Studio 2010
Project("{FAE04EC0-301F-11D3-BF4B-00C04F79EFBC}") = "WallpaperManager", "WallpaperManager\WallpaperManager.csproj", "{3BE2947E-7B22-4E08-8B44-017DB3F648F5}"
EndProject
Project("{FAE04EC0-301F-11D3-BF4B-00C04F79EFBC}") = "DesktopWallpaperSetter", "DesktopWallpaperSetter\DesktopWallpaperSetter.csproj", "{03A6DCE5-F9E8-4F07-B0BB-186A78F9D567}"
EndProject
Project("{FAE04EC0-301F-11D3-BF4B-00C04F79EFBC}") = "RandomWallpaperService", "RandomWallpaperService\RandomWallpaperService.csproj", "{ABC2FFD8-9000-4A9C-BF47-07FFAFC48489}"
EndProject
Global
	GlobalSection(SolutionConfigurationPlatforms) = preSolution
		Debug|Any CPU = Debug|Any CPU
		Debug|Mixed Platforms = Debug|Mixed Platforms
		Debug|x86 = Debug|x86
		Release|Any CPU = Release|Any CPU
		Release|Mixed Platforms = Release|Mixed Platforms
		Release|x86 = Release|x86
	EndGlobalSection
	GlobalSection(ProjectConfigurationPlatforms) = postSolution
		{3BE2947E-7B22-4E08-8B44-017DB3F648F5}.Debug|Any CPU.ActiveCfg = Debug|Any CPU
		{3BE2947E-7B22-4E08-8B44-017DB3F648F5}.Debug|Any CPU.Build.0 = Debug|Any CPU
		{3BE2947E-7B22-4E08-8B44-017DB3F648F5}.Debug|Mixed Platforms.ActiveCfg = Debug|Any CPU
		{3BE2947E-7B22-4E08-8B44-017DB3F648F5}.Debug|Mixed Platforms.Build.0 = Debug|Any CPU
		{3BE2947E-7B22-4E08-8B44-017DB3F648F5}.Debug|x86.ActiveCfg = Debug|Any CPU
		{3BE2947E-7B22-4E08-8B44-017DB3F648F5}.Release|Any CPU.ActiveCfg = Release|Any CPU
		{3BE2947E-7B22-4E08-8B44-017DB3F648F5}.Release|Any CPU.Build.0 = Release|Any CPU
		{3BE2947E-7B22-4E08-8B44-017DB3F648F5}.Release|Mixed Platforms.ActiveCfg = Release|Any CPU
		{3BE2947E-7B22-4E08-8B44-017DB3F648F5}.Release|Mixed Platforms.Build.0 = Release|Any CPU
		{3BE2947E-7B22-4E08-8B44-017DB3F648F5}.Release|x86.ActiveCfg = Release|Any CPU
		{03A6DCE5-F9E8-4F07-B0BB-186A78F9D567}.Debug|Any CPU.ActiveCfg = Debug|x86
		{03A6DCE5-F9E8-4F07-B0BB-186A78F9D567}.Debug|Mixed Platforms.ActiveCfg = Debug|x86
		{03A6DCE5-F9E8-4F07-B0BB-186A78F9D567}.Debug|Mixed Platforms.Build.0 = Debug|x86
		{03A6DCE5-F9E8-4F07-B0BB-186A78F9D567}.Debug|x86.ActiveCfg = Debug|x86
		{03A6DCE5-F9E8-4F07-B0BB-186A78F9D567}.Debug|x86.Build.0 = Debug|x86
		{03A6DCE5-F9E8-4F07-B0BB-186A78F9D567}.Release|Any CPU.ActiveCfg = Release|x86
		{03A6DCE5-F9E8-4F07-B0BB-186A78F9D567}.Release|Mixed Platforms.ActiveCfg = Release|x86
		{03A6DCE5-F9E8-4F07-B0BB-186A78F9D567}.Release|Mixed Platforms.Build.0 = Release|x86
		{03A6DCE5-F9E8-4F07-B0BB-186A78F9D567}.Release|x86.ActiveCfg = Release|x86
		{03A6DCE5-F9E8-4F07-B0BB-186A78F9D567}.Release|x86.Build.0 = Release|x86
		{ABC2FFD8-9000-4A9C-BF47-07FFAFC48489}.Debug|Any CPU.ActiveCfg = Debug|x86
		{ABC2FFD8-9000-4A9C-BF47-07FFAFC48489}.Debug|Mixed Platforms.ActiveCfg = Debug|x86
		{ABC2FFD8-9000-4A9C-BF47-07FFAFC48489}.Debug|Mixed Platforms.Build.0 = Debug|x86
		{ABC2FFD8-9000-4A9C-BF47-07FFAFC48489}.Debug|x86.ActiveCfg = Debug|x86
		{ABC2FFD8-9000-4A9C-BF47-07FFAFC48489}.Debug|x86.Build.0 = Debug|x86
		{ABC2FFD8-9000-4A9C-BF47-07FFAFC48489}.Release|Any CPU.ActiveCfg = Release|x86
		{ABC2FFD8-9000-4A9C-BF47-07FFAFC48489}.Release|Mixed Platforms.ActiveCfg = Release|x86
		{ABC2FFD8-9000-4A9C-BF47-07FFAFC48489}.Release|Mixed Platforms.Build.0 = Release|x86
		{ABC2FFD8-9000-4A9C-BF47-07FFAFC48489}.Release|x86.ActiveCfg = Release|x86
		{ABC2FFD8-9000-4A9C-BF47-07FFAFC48489}.Release|x86.Build.0 = Release|x86
	EndGlobalSection
	GlobalSection(SolutionProperties) = preSolution
		HideSolutionNode = FALSE
	EndGlobalSection
EndGlobal
